
Microsoft Visual Studio Solution File, Format Version 12.00
# Visual Studio Version 17
VisualStudioVersion = 17.10.34928.147
MinimumVisualStudioVersion = 10.0.40219.1
Project("{FAE04EC0-301F-11D3-BF4B-00C04F79EFBC}") = "Data Structures in C#", "Data Structures in C#\Data Structures in C#.csproj", "{7C80AD1B-6023-488D-B715-B6C820303746}"
EndProject
Global
	GlobalSection(SolutionConfigurationPlatforms) = preSolution
		Debug|Any CPU = Debug|Any CPU
		Release|Any CPU = Release|Any CPU
	EndGlobalSection
	GlobalSection(ProjectConfigurationPlatforms) = postSolution
		{7C80AD1B-6023-488D-B715-B6C820303746}.Debug|Any CPU.ActiveCfg = Debug|Any CPU
		{7C80AD1B-6023-488D-B715-B6C820303746}.Debug|Any CPU.Build.0 = Debug|Any CPU
		{7C80AD1B-6023-488D-B715-B6C820303746}.Release|Any CPU.ActiveCfg = Release|Any CPU
		{7C80AD1B-6023-488D-B715-B6C820303746}.Release|Any CPU.Build.0 = Release|Any CPU
	EndGlobalSection
	GlobalSection(SolutionProperties) = preSolution
		HideSolutionNode = FALSE
	EndGlobalSection
	GlobalSection(ExtensibilityGlobals) = postSolution
		SolutionGuid = {0A6FAC13-48D9-483F-BD7B-D7B4ED6A95A1}
	EndGlobalSection
EndGlobal
